
Microsoft Visual Studio Solution File, Format Version 12.00
# Visual Studio 2012
Project("{FAE04EC0-301F-11D3-BF4B-00C04F79EFBC}") = "NHanNanum", "NHanNanum\NHanNanum.csproj", "{90781225-7CFE-4123-AEA0-FCDCCDD1C602}"
EndProject
Project("{FAE04EC0-301F-11D3-BF4B-00C04F79EFBC}") = "DemoApp", "DemoApp\DemoApp.csproj", "{92A5B78F-475D-413C-9857-060EE0F19EAF}"
EndProject
Global
	GlobalSection(SolutionConfigurationPlatforms) = preSolution
		Debug|Any CPU = Debug|Any CPU
		Release|Any CPU = Release|Any CPU
	EndGlobalSection
	GlobalSection(ProjectConfigurationPlatforms) = postSolution
		{90781225-7CFE-4123-AEA0-FCDCCDD1C602}.Debug|Any CPU.ActiveCfg = Debug|Any CPU
		{90781225-7CFE-4123-AEA0-FCDCCDD1C602}.Debug|Any CPU.Build.0 = Debug|Any CPU
		{90781225-7CFE-4123-AEA0-FCDCCDD1C602}.Release|Any CPU.ActiveCfg = Release|Any CPU
		{90781225-7CFE-4123-AEA0-FCDCCDD1C602}.Release|Any CPU.Build.0 = Release|Any CPU
		{92A5B78F-475D-413C-9857-060EE0F19EAF}.Debug|Any CPU.ActiveCfg = Debug|Any CPU
		{92A5B78F-475D-413C-9857-060EE0F19EAF}.Debug|Any CPU.Build.0 = Debug|Any CPU
		{92A5B78F-475D-413C-9857-060EE0F19EAF}.Release|Any CPU.ActiveCfg = Release|Any CPU
		{92A5B78F-475D-413C-9857-060EE0F19EAF}.Release|Any CPU.Build.0 = Release|Any CPU
	EndGlobalSection
	GlobalSection(SolutionProperties) = preSolution
		HideSolutionNode = FALSE
	EndGlobalSection
EndGlobal
